
Microsoft Visual Studio Solution File, Format Version 12.00
# Visual Studio Version 16
VisualStudioVersion = 16.0.30517.126
MinimumVisualStudioVersion = 10.0.40219.1
Project("{FAE04EC0-301F-11D3-BF4B-00C04F79EFBC}") = "LINQDataAccess", "LINQDataAccess\LINQDataAccess.csproj", "{17478124-C744-4BD0-B8D2-0635C2879768}"
EndProject
Project("{FAE04EC0-301F-11D3-BF4B-00C04F79EFBC}") = "LINQConsola", "LINQConsola\LINQConsola.csproj", "{6278B39A-F49D-4698-83DE-549E2B04270E}"
EndProject
Project("{FAE04EC0-301F-11D3-BF4B-00C04F79EFBC}") = "MiLibreria", "MiLibreria\MiLibreria.csproj", "{0454270F-B24E-4052-909C-A1D7C353B7B4}"
EndProject
Global
	GlobalSection(SolutionConfigurationPlatforms) = preSolution
		Debug|Any CPU = Debug|Any CPU
		Release|Any CPU = Release|Any CPU
	EndGlobalSection
	GlobalSection(ProjectConfigurationPlatforms) = postSolution
		{17478124-C744-4BD0-B8D2-0635C2879768}.Debug|Any CPU.ActiveCfg = Debug|Any CPU
		{17478124-C744-4BD0-B8D2-0635C2879768}.Debug|Any CPU.Build.0 = Debug|Any CPU
		{17478124-C744-4BD0-B8D2-0635C2879768}.Release|Any CPU.ActiveCfg = Release|Any CPU
		{17478124-C744-4BD0-B8D2-0635C2879768}.Release|Any CPU.Build.0 = Release|Any CPU
		{6278B39A-F49D-4698-83DE-549E2B04270E}.Debug|Any CPU.ActiveCfg = Debug|Any CPU
		{6278B39A-F49D-4698-83DE-549E2B04270E}.Debug|Any CPU.Build.0 = Debug|Any CPU
		{6278B39A-F49D-4698-83DE-549E2B04270E}.Release|Any CPU.ActiveCfg = Release|Any CPU
		{6278B39A-F49D-4698-83DE-549E2B04270E}.Release|Any CPU.Build.0 = Release|Any CPU
		{0454270F-B24E-4052-909C-A1D7C353B7B4}.Debug|Any CPU.ActiveCfg = Debug|Any CPU
		{0454270F-B24E-4052-909C-A1D7C353B7B4}.Debug|Any CPU.Build.0 = Debug|Any CPU
		{0454270F-B24E-4052-909C-A1D7C353B7B4}.Release|Any CPU.ActiveCfg = Release|Any CPU
		{0454270F-B24E-4052-909C-A1D7C353B7B4}.Release|Any CPU.Build.0 = Release|Any CPU
	EndGlobalSection
	GlobalSection(SolutionProperties) = preSolution
		HideSolutionNode = FALSE
	EndGlobalSection
	GlobalSection(ExtensibilityGlobals) = postSolution
		SolutionGuid = {59B3D716-78B4-48E0-B257-A3D0901FDDF8}
	EndGlobalSection
EndGlobal
